
Microsoft Visual Studio Solution File, Format Version 12.00
# Visual Studio Version 17
VisualStudioVersion = 17.14.36518.9
MinimumVisualStudioVersion = 10.0.40219.1
Project("{FAE04EC0-301F-11D3-BF4B-00C04F79EFBC}") = "GYM.Mi", "GYM.Mi\GYM.Mi.csproj", "{C291791E-0541-45E6-845D-A7DBB18A7939}"
EndProject
Project("{FAE04EC0-301F-11D3-BF4B-00C04F79EFBC}") = "GYM.Domain", "GYM.Domain\GYM.Domain.csproj", "{9EBE153F-71CB-44B0-A10C-CECD6FF1382F}"
EndProject
Project("{FAE04EC0-301F-11D3-BF4B-00C04F79EFBC}") = "GYM.Application", "GYM.Application\GYM.Application.csproj", "{FDDFFD73-336B-484B-B31A-7AA885C3591F}"
EndProject
Project("{FAE04EC0-301F-11D3-BF4B-00C04F79EFBC}") = "GYM.Infrastructure", "GYM.Infrastructure\GYM.Infrastructure.csproj", "{0DB37CAE-F71A-4EB4-91B8-A25DAF0B9015}"
EndProject
Global
	GlobalSection(SolutionConfigurationPlatforms) = preSolution
		Debug|Any CPU = Debug|Any CPU
		Release|Any CPU = Release|Any CPU
	EndGlobalSection
	GlobalSection(ProjectConfigurationPlatforms) = postSolution
		{C291791E-0541-45E6-845D-A7DBB18A7939}.Debug|Any CPU.ActiveCfg = Debug|Any CPU
		{C291791E-0541-45E6-845D-A7DBB18A7939}.Debug|Any CPU.Build.0 = Debug|Any CPU
		{C291791E-0541-45E6-845D-A7DBB18A7939}.Release|Any CPU.ActiveCfg = Release|Any CPU
		{C291791E-0541-45E6-845D-A7DBB18A7939}.Release|Any CPU.Build.0 = Release|Any CPU
		{9EBE153F-71CB-44B0-A10C-CECD6FF1382F}.Debug|Any CPU.ActiveCfg = Debug|Any CPU
		{9EBE153F-71CB-44B0-A10C-CECD6FF1382F}.Debug|Any CPU.Build.0 = Debug|Any CPU
		{9EBE153F-71CB-44B0-A10C-CECD6FF1382F}.Release|Any CPU.ActiveCfg = Release|Any CPU
		{9EBE153F-71CB-44B0-A10C-CECD6FF1382F}.Release|Any CPU.Build.0 = Release|Any CPU
		{FDDFFD73-336B-484B-B31A-7AA885C3591F}.Debug|Any CPU.ActiveCfg = Debug|Any CPU
		{FDDFFD73-336B-484B-B31A-7AA885C3591F}.Debug|Any CPU.Build.0 = Debug|Any CPU
		{FDDFFD73-336B-484B-B31A-7AA885C3591F}.Release|Any CPU.ActiveCfg = Release|Any CPU
		{FDDFFD73-336B-484B-B31A-7AA885C3591F}.Release|Any CPU.Build.0 = Release|Any CPU
		{0DB37CAE-F71A-4EB4-91B8-A25DAF0B9015}.Debug|Any CPU.ActiveCfg = Debug|Any CPU
		{0DB37CAE-F71A-4EB4-91B8-A25DAF0B9015}.Debug|Any CPU.Build.0 = Debug|Any CPU
		{0DB37CAE-F71A-4EB4-91B8-A25DAF0B9015}.Release|Any CPU.ActiveCfg = Release|Any CPU
		{0DB37CAE-F71A-4EB4-91B8-A25DAF0B9015}.Release|Any CPU.Build.0 = Release|Any CPU
	EndGlobalSection
	GlobalSection(SolutionProperties) = preSolution
		HideSolutionNode = FALSE
	EndGlobalSection
	GlobalSection(ExtensibilityGlobals) = postSolution
		SolutionGuid = {4D6587F6-BFEF-42D6-8B83-6EF91077D1E7}
	EndGlobalSection
EndGlobal
